
Microsoft Visual Studio Solution File, Format Version 12.00
# Visual Studio Version 16
VisualStudioVersion = 16.0.31129.286
MinimumVisualStudioVersion = 10.0.40219.1
Project("{FAE04EC0-301F-11D3-BF4B-00C04F79EFBC}") = "01. Day of Week", "01. Day of Week\01. Day of Week.csproj", "{07527349-D30A-4D74-992A-4E328C786DC3}"
EndProject
Project("{FAE04EC0-301F-11D3-BF4B-00C04F79EFBC}") = "02. Print Numbers in Reverse Order", "02. Print Numbers in Reverse Order\02. Print Numbers in Reverse Order.csproj", "{610DEC43-7DC9-47E0-ACA7-FC6F49D4F07C}"
EndProject
Project("{FAE04EC0-301F-11D3-BF4B-00C04F79EFBC}") = "03. Rounding Numbers", "03. Rounding Numbers\03. Rounding Numbers.csproj", "{C7AAFE5D-BA99-46A7-A4C4-AD73637B8A53}"
EndProject
Project("{FAE04EC0-301F-11D3-BF4B-00C04F79EFBC}") = "04. Reverse Array of Strings", "04. Reverse Array of Strings\04. Reverse Array of Strings.csproj", "{6E16C3AE-A8FB-4549-BF19-8F73EE43FF51}"
EndProject
Project("{FAE04EC0-301F-11D3-BF4B-00C04F79EFBC}") = "05. Sum Even Numbers", "ConsoleApp1\05. Sum Even Numbers.csproj", "{102A05F1-8D26-4348-8C8A-190622C7145E}"
EndProject
Project("{FAE04EC0-301F-11D3-BF4B-00C04F79EFBC}") = "06. Even and Odd Subtraction", "06. Even and Odd Subtraction\06. Even and Odd Subtraction.csproj", "{4ED1DC20-632D-4C03-A9FB-A694E7669427}"
EndProject
Project("{FAE04EC0-301F-11D3-BF4B-00C04F79EFBC}") = "07. Equal Arrays", "07. Equal Arrays\07. Equal Arrays.csproj", "{FB0CCEB7-F671-4FC1-907E-CCB36A0BF958}"
EndProject
Project("{FAE04EC0-301F-11D3-BF4B-00C04F79EFBC}") = "08. Condense Array to Number", "08. Condense Array to Number\08. Condense Array to Number.csproj", "{E6FAEADB-6C80-4C82-9BAC-BF55ED7F07A1}"
EndProject
Global
	GlobalSection(SolutionConfigurationPlatforms) = preSolution
		Debug|Any CPU = Debug|Any CPU
		Release|Any CPU = Release|Any CPU
	EndGlobalSection
	GlobalSection(ProjectConfigurationPlatforms) = postSolution
		{07527349-D30A-4D74-992A-4E328C786DC3}.Debug|Any CPU.ActiveCfg = Debug|Any CPU
		{07527349-D30A-4D74-992A-4E328C786DC3}.Debug|Any CPU.Build.0 = Debug|Any CPU
		{07527349-D30A-4D74-992A-4E328C786DC3}.Release|Any CPU.ActiveCfg = Release|Any CPU
		{07527349-D30A-4D74-992A-4E328C786DC3}.Release|Any CPU.Build.0 = Release|Any CPU
		{610DEC43-7DC9-47E0-ACA7-FC6F49D4F07C}.Debug|Any CPU.ActiveCfg = Debug|Any CPU
		{610DEC43-7DC9-47E0-ACA7-FC6F49D4F07C}.Debug|Any CPU.Build.0 = Debug|Any CPU
		{610DEC43-7DC9-47E0-ACA7-FC6F49D4F07C}.Release|Any CPU.ActiveCfg = Release|Any CPU
		{610DEC43-7DC9-47E0-ACA7-FC6F49D4F07C}.Release|Any CPU.Build.0 = Release|Any CPU
		{C7AAFE5D-BA99-46A7-A4C4-AD73637B8A53}.Debug|Any CPU.ActiveCfg = Debug|Any CPU
		{C7AAFE5D-BA99-46A7-A4C4-AD73637B8A53}.Debug|Any CPU.Build.0 = Debug|Any CPU
		{C7AAFE5D-BA99-46A7-A4C4-AD73637B8A53}.Release|Any CPU.ActiveCfg = Release|Any CPU
		{C7AAFE5D-BA99-46A7-A4C4-AD73637B8A53}.Release|Any CPU.Build.0 = Release|Any CPU
		{6E16C3AE-A8FB-4549-BF19-8F73EE43FF51}.Debug|Any CPU.ActiveCfg = Debug|Any CPU
		{6E16C3AE-A8FB-4549-BF19-8F73EE43FF51}.Debug|Any CPU.Build.0 = Debug|Any CPU
		{6E16C3AE-A8FB-4549-BF19-8F73EE43FF51}.Release|Any CPU.ActiveCfg = Release|Any CPU
		{6E16C3AE-A8FB-4549-BF19-8F73EE43FF51}.Release|Any CPU.Build.0 = Release|Any CPU
		{102A05F1-8D26-4348-8C8A-190622C7145E}.Debug|Any CPU.ActiveCfg = Debug|Any CPU
		{102A05F1-8D26-4348-8C8A-190622C7145E}.Debug|Any CPU.Build.0 = Debug|Any CPU
		{102A05F1-8D26-4348-8C8A-190622C7145E}.Release|Any CPU.ActiveCfg = Release|Any CPU
		{102A05F1-8D26-4348-8C8A-190622C7145E}.Release|Any CPU.Build.0 = Release|Any CPU
		{4ED1DC20-632D-4C03-A9FB-A694E7669427}.Debug|Any CPU.ActiveCfg = Debug|Any CPU
		{4ED1DC20-632D-4C03-A9FB-A694E7669427}.Debug|Any CPU.Build.0 = Debug|Any CPU
		{4ED1DC20-632D-4C03-A9FB-A694E7669427}.Release|Any CPU.ActiveCfg = Release|Any CPU
		{4ED1DC20-632D-4C03-A9FB-A694E7669427}.Release|Any CPU.Build.0 = Release|Any CPU
		{FB0CCEB7-F671-4FC1-907E-CCB36A0BF958}.Debug|Any CPU.ActiveCfg = Debug|Any CPU
		{FB0CCEB7-F671-4FC1-907E-CCB36A0BF958}.Debug|Any CPU.Build.0 = Debug|Any CPU
		{FB0CCEB7-F671-4FC1-907E-CCB36A0BF958}.Release|Any CPU.ActiveCfg = Release|Any CPU
		{FB0CCEB7-F671-4FC1-907E-CCB36A0BF958}.Release|Any CPU.Build.0 = Release|Any CPU
		{E6FAEADB-6C80-4C82-9BAC-BF55ED7F07A1}.Debug|Any CPU.ActiveCfg = Debug|Any CPU
		{E6FAEADB-6C80-4C82-9BAC-BF55ED7F07A1}.Debug|Any CPU.Build.0 = Debug|Any CPU
		{E6FAEADB-6C80-4C82-9BAC-BF55ED7F07A1}.Release|Any CPU.ActiveCfg = Release|Any CPU
		{E6FAEADB-6C80-4C82-9BAC-BF55ED7F07A1}.Release|Any CPU.Build.0 = Release|Any CPU
	EndGlobalSection
	GlobalSection(SolutionProperties) = preSolution
		HideSolutionNode = FALSE
	EndGlobalSection
	GlobalSection(ExtensibilityGlobals) = postSolution
		SolutionGuid = {3A96BBCF-F7CB-434C-86B1-A63ED915DF59}
	EndGlobalSection
EndGlobal
