
Microsoft Visual Studio Solution File, Format Version 12.00
# Visual Studio Version 16
VisualStudioVersion = 16.0.31729.503
MinimumVisualStudioVersion = 10.0.40219.1
Project("{FAE04EC0-301F-11D3-BF4B-00C04F79EFBC}") = "01. Randomize Words", "01. Randomize Words\01. Randomize Words.csproj", "{560D0DB9-73A3-4036-BFF0-FA1AF57DFF6B}"
EndProject
Project("{FAE04EC0-301F-11D3-BF4B-00C04F79EFBC}") = "02. Big Factorial", "02. Big Factorial\02. Big Factorial.csproj", "{7A236380-D0D3-4B0B-8E33-7426A77905FD}"
EndProject
Project("{FAE04EC0-301F-11D3-BF4B-00C04F79EFBC}") = "03. Songs", "03. Songs\03. Songs.csproj", "{4AE0B29A-637B-46DA-BB97-EE5F87C3EA9B}"
EndProject
Project("{FAE04EC0-301F-11D3-BF4B-00C04F79EFBC}") = "04. Students", "04. Students\04. Students.csproj", "{0E8C0987-D06B-45BB-AE0D-1E40D620C7B1}"
EndProject
Project("{FAE04EC0-301F-11D3-BF4B-00C04F79EFBC}") = "05. Students 2.0", "05. Students 2.0\05. Students 2.0.csproj", "{05A581CA-45C5-447D-B661-5C5F592260BC}"
EndProject
Global
	GlobalSection(SolutionConfigurationPlatforms) = preSolution
		Debug|Any CPU = Debug|Any CPU
		Release|Any CPU = Release|Any CPU
	EndGlobalSection
	GlobalSection(ProjectConfigurationPlatforms) = postSolution
		{560D0DB9-73A3-4036-BFF0-FA1AF57DFF6B}.Debug|Any CPU.ActiveCfg = Debug|Any CPU
		{560D0DB9-73A3-4036-BFF0-FA1AF57DFF6B}.Debug|Any CPU.Build.0 = Debug|Any CPU
		{560D0DB9-73A3-4036-BFF0-FA1AF57DFF6B}.Release|Any CPU.ActiveCfg = Release|Any CPU
		{560D0DB9-73A3-4036-BFF0-FA1AF57DFF6B}.Release|Any CPU.Build.0 = Release|Any CPU
		{7A236380-D0D3-4B0B-8E33-7426A77905FD}.Debug|Any CPU.ActiveCfg = Debug|Any CPU
		{7A236380-D0D3-4B0B-8E33-7426A77905FD}.Debug|Any CPU.Build.0 = Debug|Any CPU
		{7A236380-D0D3-4B0B-8E33-7426A77905FD}.Release|Any CPU.ActiveCfg = Release|Any CPU
		{7A236380-D0D3-4B0B-8E33-7426A77905FD}.Release|Any CPU.Build.0 = Release|Any CPU
		{4AE0B29A-637B-46DA-BB97-EE5F87C3EA9B}.Debug|Any CPU.ActiveCfg = Debug|Any CPU
		{4AE0B29A-637B-46DA-BB97-EE5F87C3EA9B}.Debug|Any CPU.Build.0 = Debug|Any CPU
		{4AE0B29A-637B-46DA-BB97-EE5F87C3EA9B}.Release|Any CPU.ActiveCfg = Release|Any CPU
		{4AE0B29A-637B-46DA-BB97-EE5F87C3EA9B}.Release|Any CPU.Build.0 = Release|Any CPU
		{0E8C0987-D06B-45BB-AE0D-1E40D620C7B1}.Debug|Any CPU.ActiveCfg = Debug|Any CPU
		{0E8C0987-D06B-45BB-AE0D-1E40D620C7B1}.Debug|Any CPU.Build.0 = Debug|Any CPU
		{0E8C0987-D06B-45BB-AE0D-1E40D620C7B1}.Release|Any CPU.ActiveCfg = Release|Any CPU
		{0E8C0987-D06B-45BB-AE0D-1E40D620C7B1}.Release|Any CPU.Build.0 = Release|Any CPU
		{05A581CA-45C5-447D-B661-5C5F592260BC}.Debug|Any CPU.ActiveCfg = Debug|Any CPU
		{05A581CA-45C5-447D-B661-5C5F592260BC}.Debug|Any CPU.Build.0 = Debug|Any CPU
		{05A581CA-45C5-447D-B661-5C5F592260BC}.Release|Any CPU.ActiveCfg = Release|Any CPU
		{05A581CA-45C5-447D-B661-5C5F592260BC}.Release|Any CPU.Build.0 = Release|Any CPU
	EndGlobalSection
	GlobalSection(SolutionProperties) = preSolution
		HideSolutionNode = FALSE
	EndGlobalSection
	GlobalSection(ExtensibilityGlobals) = postSolution
		SolutionGuid = {78C0A4C9-E619-4794-A13E-03E631E4F666}
	EndGlobalSection
EndGlobal
