
Microsoft Visual Studio Solution File, Format Version 12.00
# Visual Studio Version 16
VisualStudioVersion = 16.0.31729.503
MinimumVisualStudioVersion = 10.0.40219.1
Project("{FAE04EC0-301F-11D3-BF4B-00C04F79EFBC}") = "01. Count Real Numbers", "01. Count Real Numbers\01. Count Real Numbers.csproj", "{1DCEC7A0-4EBF-4E57-9138-C9E57F33397E}"
EndProject
Project("{FAE04EC0-301F-11D3-BF4B-00C04F79EFBC}") = "02. Odd Occurrences", "02. Odd Occurrences\02. Odd Occurrences.csproj", "{10590F37-01A0-4A2D-ABA8-F3EE51D9023E}"
EndProject
Project("{FAE04EC0-301F-11D3-BF4B-00C04F79EFBC}") = "03. Word Synonyms", "03. Word Synonyms\03. Word Synonyms.csproj", "{F1A0E83A-3D78-42F5-BD90-733A207BABA3}"
EndProject
Project("{FAE04EC0-301F-11D3-BF4B-00C04F79EFBC}") = "04. Largest 3 Numbers", "04. Largest 3 Numbers\04. Largest 3 Numbers.csproj", "{36454144-1FAA-4BE2-9707-4A6213BBF317}"
EndProject
Project("{FAE04EC0-301F-11D3-BF4B-00C04F79EFBC}") = "05. Word Filter", "05. Word Filter\05. Word Filter.csproj", "{ADD8890D-6B2F-4C57-A1BE-A7BED426B8C5}"
EndProject
Global
	GlobalSection(SolutionConfigurationPlatforms) = preSolution
		Debug|Any CPU = Debug|Any CPU
		Release|Any CPU = Release|Any CPU
	EndGlobalSection
	GlobalSection(ProjectConfigurationPlatforms) = postSolution
		{1DCEC7A0-4EBF-4E57-9138-C9E57F33397E}.Debug|Any CPU.ActiveCfg = Debug|Any CPU
		{1DCEC7A0-4EBF-4E57-9138-C9E57F33397E}.Debug|Any CPU.Build.0 = Debug|Any CPU
		{1DCEC7A0-4EBF-4E57-9138-C9E57F33397E}.Release|Any CPU.ActiveCfg = Release|Any CPU
		{1DCEC7A0-4EBF-4E57-9138-C9E57F33397E}.Release|Any CPU.Build.0 = Release|Any CPU
		{10590F37-01A0-4A2D-ABA8-F3EE51D9023E}.Debug|Any CPU.ActiveCfg = Debug|Any CPU
		{10590F37-01A0-4A2D-ABA8-F3EE51D9023E}.Debug|Any CPU.Build.0 = Debug|Any CPU
		{10590F37-01A0-4A2D-ABA8-F3EE51D9023E}.Release|Any CPU.ActiveCfg = Release|Any CPU
		{10590F37-01A0-4A2D-ABA8-F3EE51D9023E}.Release|Any CPU.Build.0 = Release|Any CPU
		{F1A0E83A-3D78-42F5-BD90-733A207BABA3}.Debug|Any CPU.ActiveCfg = Debug|Any CPU
		{F1A0E83A-3D78-42F5-BD90-733A207BABA3}.Debug|Any CPU.Build.0 = Debug|Any CPU
		{F1A0E83A-3D78-42F5-BD90-733A207BABA3}.Release|Any CPU.ActiveCfg = Release|Any CPU
		{F1A0E83A-3D78-42F5-BD90-733A207BABA3}.Release|Any CPU.Build.0 = Release|Any CPU
		{36454144-1FAA-4BE2-9707-4A6213BBF317}.Debug|Any CPU.ActiveCfg = Debug|Any CPU
		{36454144-1FAA-4BE2-9707-4A6213BBF317}.Debug|Any CPU.Build.0 = Debug|Any CPU
		{36454144-1FAA-4BE2-9707-4A6213BBF317}.Release|Any CPU.ActiveCfg = Release|Any CPU
		{36454144-1FAA-4BE2-9707-4A6213BBF317}.Release|Any CPU.Build.0 = Release|Any CPU
		{ADD8890D-6B2F-4C57-A1BE-A7BED426B8C5}.Debug|Any CPU.ActiveCfg = Debug|Any CPU
		{ADD8890D-6B2F-4C57-A1BE-A7BED426B8C5}.Debug|Any CPU.Build.0 = Debug|Any CPU
		{ADD8890D-6B2F-4C57-A1BE-A7BED426B8C5}.Release|Any CPU.ActiveCfg = Release|Any CPU
		{ADD8890D-6B2F-4C57-A1BE-A7BED426B8C5}.Release|Any CPU.Build.0 = Release|Any CPU
	EndGlobalSection
	GlobalSection(SolutionProperties) = preSolution
		HideSolutionNode = FALSE
	EndGlobalSection
	GlobalSection(ExtensibilityGlobals) = postSolution
		SolutionGuid = {F7881571-F6F7-4B4D-8363-D13BD33B7B0D}
	EndGlobalSection
EndGlobal
