
Microsoft Visual Studio Solution File, Format Version 12.00
# Visual Studio Version 16
VisualStudioVersion = 16.0.31129.286
MinimumVisualStudioVersion = 10.0.40219.1
Project("{9A19103F-16F7-4668-BE54-9A1E7A4F7556}") = "01. Ages", "01. Ages\01. Ages.csproj", "{DD0C41D3-B1FC-4E61-AC52-81E8A1FAC215}"
EndProject
Project("{9A19103F-16F7-4668-BE54-9A1E7A4F7556}") = "02. Division", "02. Division\02. Division.csproj", "{0E149955-8753-4372-BF4C-8B90F43F63B4}"
EndProject
Project("{9A19103F-16F7-4668-BE54-9A1E7A4F7556}") = "03. Vacation", "03. Vacation\03. Vacation.csproj", "{E4A871C6-83B7-420B-8F67-3C696A401F43}"
EndProject
Project("{9A19103F-16F7-4668-BE54-9A1E7A4F7556}") = "04. Print and sum", "04. Print and sum\04. Print and sum.csproj", "{F4765D90-586E-4951-9141-D25953C90703}"
EndProject
Project("{9A19103F-16F7-4668-BE54-9A1E7A4F7556}") = "05. Login", "05. Login\05. Login.csproj", "{38C0558F-183A-44BF-88FD-0B61854DD9D2}"
EndProject
Project("{9A19103F-16F7-4668-BE54-9A1E7A4F7556}") = "06. Strong number", "06. Strong number\06. Strong number.csproj", "{812D7073-695E-4DB1-B705-60BCCC112156}"
EndProject
Project("{9A19103F-16F7-4668-BE54-9A1E7A4F7556}") = "07. Vending Machine", "07. Vending Machine\07. Vending Machine.csproj", "{85C44274-26E1-4D2C-8C69-D81C7463144B}"
EndProject
Project("{FAE04EC0-301F-11D3-BF4B-00C04F79EFBC}") = "08. Triangle of Numbers", "ConsoleApp1\08. Triangle of Numbers.csproj", "{09BFC6D7-2763-486F-83A3-F12CB593D9A1}"
EndProject
Project("{FAE04EC0-301F-11D3-BF4B-00C04F79EFBC}") = "09. Padawan Equipment", "09. Padawan Equipment\09. Padawan Equipment.csproj", "{653AC6BC-22F1-45F4-8706-673F8B55D6AD}"
EndProject
Project("{FAE04EC0-301F-11D3-BF4B-00C04F79EFBC}") = "10. Rage Expenses", "10. Rage Expenses\10. Rage Expenses.csproj", "{E3F3EAC3-E341-417E-8AC3-E2FA87BE60F4}"
EndProject
Global
	GlobalSection(SolutionConfigurationPlatforms) = preSolution
		Debug|Any CPU = Debug|Any CPU
		Release|Any CPU = Release|Any CPU
	EndGlobalSection
	GlobalSection(ProjectConfigurationPlatforms) = postSolution
		{DD0C41D3-B1FC-4E61-AC52-81E8A1FAC215}.Debug|Any CPU.ActiveCfg = Debug|Any CPU
		{DD0C41D3-B1FC-4E61-AC52-81E8A1FAC215}.Debug|Any CPU.Build.0 = Debug|Any CPU
		{DD0C41D3-B1FC-4E61-AC52-81E8A1FAC215}.Release|Any CPU.ActiveCfg = Release|Any CPU
		{DD0C41D3-B1FC-4E61-AC52-81E8A1FAC215}.Release|Any CPU.Build.0 = Release|Any CPU
		{0E149955-8753-4372-BF4C-8B90F43F63B4}.Debug|Any CPU.ActiveCfg = Debug|Any CPU
		{0E149955-8753-4372-BF4C-8B90F43F63B4}.Debug|Any CPU.Build.0 = Debug|Any CPU
		{0E149955-8753-4372-BF4C-8B90F43F63B4}.Release|Any CPU.ActiveCfg = Release|Any CPU
		{0E149955-8753-4372-BF4C-8B90F43F63B4}.Release|Any CPU.Build.0 = Release|Any CPU
		{E4A871C6-83B7-420B-8F67-3C696A401F43}.Debug|Any CPU.ActiveCfg = Debug|Any CPU
		{E4A871C6-83B7-420B-8F67-3C696A401F43}.Debug|Any CPU.Build.0 = Debug|Any CPU
		{E4A871C6-83B7-420B-8F67-3C696A401F43}.Release|Any CPU.ActiveCfg = Release|Any CPU
		{E4A871C6-83B7-420B-8F67-3C696A401F43}.Release|Any CPU.Build.0 = Release|Any CPU
		{F4765D90-586E-4951-9141-D25953C90703}.Debug|Any CPU.ActiveCfg = Debug|Any CPU
		{F4765D90-586E-4951-9141-D25953C90703}.Debug|Any CPU.Build.0 = Debug|Any CPU
		{F4765D90-586E-4951-9141-D25953C90703}.Release|Any CPU.ActiveCfg = Release|Any CPU
		{F4765D90-586E-4951-9141-D25953C90703}.Release|Any CPU.Build.0 = Release|Any CPU
		{38C0558F-183A-44BF-88FD-0B61854DD9D2}.Debug|Any CPU.ActiveCfg = Debug|Any CPU
		{38C0558F-183A-44BF-88FD-0B61854DD9D2}.Debug|Any CPU.Build.0 = Debug|Any CPU
		{38C0558F-183A-44BF-88FD-0B61854DD9D2}.Release|Any CPU.ActiveCfg = Release|Any CPU
		{38C0558F-183A-44BF-88FD-0B61854DD9D2}.Release|Any CPU.Build.0 = Release|Any CPU
		{812D7073-695E-4DB1-B705-60BCCC112156}.Debug|Any CPU.ActiveCfg = Debug|Any CPU
		{812D7073-695E-4DB1-B705-60BCCC112156}.Debug|Any CPU.Build.0 = Debug|Any CPU
		{812D7073-695E-4DB1-B705-60BCCC112156}.Release|Any CPU.ActiveCfg = Release|Any CPU
		{812D7073-695E-4DB1-B705-60BCCC112156}.Release|Any CPU.Build.0 = Release|Any CPU
		{85C44274-26E1-4D2C-8C69-D81C7463144B}.Debug|Any CPU.ActiveCfg = Debug|Any CPU
		{85C44274-26E1-4D2C-8C69-D81C7463144B}.Debug|Any CPU.Build.0 = Debug|Any CPU
		{85C44274-26E1-4D2C-8C69-D81C7463144B}.Release|Any CPU.ActiveCfg = Release|Any CPU
		{85C44274-26E1-4D2C-8C69-D81C7463144B}.Release|Any CPU.Build.0 = Release|Any CPU
		{09BFC6D7-2763-486F-83A3-F12CB593D9A1}.Debug|Any CPU.ActiveCfg = Debug|Any CPU
		{09BFC6D7-2763-486F-83A3-F12CB593D9A1}.Debug|Any CPU.Build.0 = Debug|Any CPU
		{09BFC6D7-2763-486F-83A3-F12CB593D9A1}.Release|Any CPU.ActiveCfg = Release|Any CPU
		{09BFC6D7-2763-486F-83A3-F12CB593D9A1}.Release|Any CPU.Build.0 = Release|Any CPU
		{653AC6BC-22F1-45F4-8706-673F8B55D6AD}.Debug|Any CPU.ActiveCfg = Debug|Any CPU
		{653AC6BC-22F1-45F4-8706-673F8B55D6AD}.Debug|Any CPU.Build.0 = Debug|Any CPU
		{653AC6BC-22F1-45F4-8706-673F8B55D6AD}.Release|Any CPU.ActiveCfg = Release|Any CPU
		{653AC6BC-22F1-45F4-8706-673F8B55D6AD}.Release|Any CPU.Build.0 = Release|Any CPU
		{E3F3EAC3-E341-417E-8AC3-E2FA87BE60F4}.Debug|Any CPU.ActiveCfg = Debug|Any CPU
		{E3F3EAC3-E341-417E-8AC3-E2FA87BE60F4}.Debug|Any CPU.Build.0 = Debug|Any CPU
		{E3F3EAC3-E341-417E-8AC3-E2FA87BE60F4}.Release|Any CPU.ActiveCfg = Release|Any CPU
		{E3F3EAC3-E341-417E-8AC3-E2FA87BE60F4}.Release|Any CPU.Build.0 = Release|Any CPU
	EndGlobalSection
	GlobalSection(SolutionProperties) = preSolution
		HideSolutionNode = FALSE
	EndGlobalSection
	GlobalSection(ExtensibilityGlobals) = postSolution
		SolutionGuid = {625DAAF1-C6D0-4645-A0FA-5E57C0A0CE66}
	EndGlobalSection
EndGlobal
