
Microsoft Visual Studio Solution File, Format Version 12.00
# Visual Studio Version 16
VisualStudioVersion = 16.0.31129.286
MinimumVisualStudioVersion = 10.0.40219.1
Project("{9A19103F-16F7-4668-BE54-9A1E7A4F7556}") = "01. Integer Operations", "01. Integer Operations\01. Integer Operations.csproj", "{0C27D6FF-FDE5-4E80-BC5F-82E1E32BC10C}"
EndProject
Project("{9A19103F-16F7-4668-BE54-9A1E7A4F7556}") = "02. Sum Digits", "02. Sum Digits\02. Sum Digits.csproj", "{DEA2C764-0654-4AD8-B380-56F1E35D85C0}"
EndProject
Project("{9A19103F-16F7-4668-BE54-9A1E7A4F7556}") = "03. Elevator", "03. Elevator\03. Elevator.csproj", "{53E22B88-AE6D-4B59-B4B0-458ADDAD27E1}"
EndProject
Project("{9A19103F-16F7-4668-BE54-9A1E7A4F7556}") = "04. Sum of Chars", "04. Sum of Chars\04. Sum of Chars.csproj", "{A8D9EF11-B457-4A1B-990E-C5FFF48A7569}"
EndProject
Project("{9A19103F-16F7-4668-BE54-9A1E7A4F7556}") = "05. Print Part Of ASCII Table", "05. Print Part Of ASCII Table\05. Print Part Of ASCII Table.csproj", "{5A734011-625C-4855-91C5-70D2C8E2F5D2}"
EndProject
Project("{FAE04EC0-301F-11D3-BF4B-00C04F79EFBC}") = "06. Triples of Latin Letters", "06. Triples of Latin Letters\06. Triples of Latin Letters.csproj", "{52438C54-513D-4249-86A8-A9C31DB05A2A}"
EndProject
Project("{FAE04EC0-301F-11D3-BF4B-00C04F79EFBC}") = "07. Water Overflow", "07. Water Overflow\07. Water Overflow.csproj", "{79DC3300-832C-47B9-9658-F07D50745FF6}"
EndProject
Project("{FAE04EC0-301F-11D3-BF4B-00C04F79EFBC}") = "08. Beer Kegs", "08. Beer Kegs\08. Beer Kegs.csproj", "{1AABF23E-1389-4685-8334-15261BE01A8C}"
EndProject
Project("{FAE04EC0-301F-11D3-BF4B-00C04F79EFBC}") = "09. Spice Must Flow", "09. Spice Must Flow\09. Spice Must Flow.csproj", "{AC4FBE09-5866-4B18-9B33-C4DD72581154}"
EndProject
Global
	GlobalSection(SolutionConfigurationPlatforms) = preSolution
		Debug|Any CPU = Debug|Any CPU
		Release|Any CPU = Release|Any CPU
	EndGlobalSection
	GlobalSection(ProjectConfigurationPlatforms) = postSolution
		{0C27D6FF-FDE5-4E80-BC5F-82E1E32BC10C}.Debug|Any CPU.ActiveCfg = Debug|Any CPU
		{0C27D6FF-FDE5-4E80-BC5F-82E1E32BC10C}.Debug|Any CPU.Build.0 = Debug|Any CPU
		{0C27D6FF-FDE5-4E80-BC5F-82E1E32BC10C}.Release|Any CPU.ActiveCfg = Release|Any CPU
		{0C27D6FF-FDE5-4E80-BC5F-82E1E32BC10C}.Release|Any CPU.Build.0 = Release|Any CPU
		{DEA2C764-0654-4AD8-B380-56F1E35D85C0}.Debug|Any CPU.ActiveCfg = Debug|Any CPU
		{DEA2C764-0654-4AD8-B380-56F1E35D85C0}.Debug|Any CPU.Build.0 = Debug|Any CPU
		{DEA2C764-0654-4AD8-B380-56F1E35D85C0}.Release|Any CPU.ActiveCfg = Release|Any CPU
		{DEA2C764-0654-4AD8-B380-56F1E35D85C0}.Release|Any CPU.Build.0 = Release|Any CPU
		{53E22B88-AE6D-4B59-B4B0-458ADDAD27E1}.Debug|Any CPU.ActiveCfg = Debug|Any CPU
		{53E22B88-AE6D-4B59-B4B0-458ADDAD27E1}.Debug|Any CPU.Build.0 = Debug|Any CPU
		{53E22B88-AE6D-4B59-B4B0-458ADDAD27E1}.Release|Any CPU.ActiveCfg = Release|Any CPU
		{53E22B88-AE6D-4B59-B4B0-458ADDAD27E1}.Release|Any CPU.Build.0 = Release|Any CPU
		{A8D9EF11-B457-4A1B-990E-C5FFF48A7569}.Debug|Any CPU.ActiveCfg = Debug|Any CPU
		{A8D9EF11-B457-4A1B-990E-C5FFF48A7569}.Debug|Any CPU.Build.0 = Debug|Any CPU
		{A8D9EF11-B457-4A1B-990E-C5FFF48A7569}.Release|Any CPU.ActiveCfg = Release|Any CPU
		{A8D9EF11-B457-4A1B-990E-C5FFF48A7569}.Release|Any CPU.Build.0 = Release|Any CPU
		{5A734011-625C-4855-91C5-70D2C8E2F5D2}.Debug|Any CPU.ActiveCfg = Debug|Any CPU
		{5A734011-625C-4855-91C5-70D2C8E2F5D2}.Debug|Any CPU.Build.0 = Debug|Any CPU
		{5A734011-625C-4855-91C5-70D2C8E2F5D2}.Release|Any CPU.ActiveCfg = Release|Any CPU
		{5A734011-625C-4855-91C5-70D2C8E2F5D2}.Release|Any CPU.Build.0 = Release|Any CPU
		{52438C54-513D-4249-86A8-A9C31DB05A2A}.Debug|Any CPU.ActiveCfg = Debug|Any CPU
		{52438C54-513D-4249-86A8-A9C31DB05A2A}.Debug|Any CPU.Build.0 = Debug|Any CPU
		{52438C54-513D-4249-86A8-A9C31DB05A2A}.Release|Any CPU.ActiveCfg = Release|Any CPU
		{52438C54-513D-4249-86A8-A9C31DB05A2A}.Release|Any CPU.Build.0 = Release|Any CPU
		{79DC3300-832C-47B9-9658-F07D50745FF6}.Debug|Any CPU.ActiveCfg = Debug|Any CPU
		{79DC3300-832C-47B9-9658-F07D50745FF6}.Debug|Any CPU.Build.0 = Debug|Any CPU
		{79DC3300-832C-47B9-9658-F07D50745FF6}.Release|Any CPU.ActiveCfg = Release|Any CPU
		{79DC3300-832C-47B9-9658-F07D50745FF6}.Release|Any CPU.Build.0 = Release|Any CPU
		{1AABF23E-1389-4685-8334-15261BE01A8C}.Debug|Any CPU.ActiveCfg = Debug|Any CPU
		{1AABF23E-1389-4685-8334-15261BE01A8C}.Debug|Any CPU.Build.0 = Debug|Any CPU
		{1AABF23E-1389-4685-8334-15261BE01A8C}.Release|Any CPU.ActiveCfg = Release|Any CPU
		{1AABF23E-1389-4685-8334-15261BE01A8C}.Release|Any CPU.Build.0 = Release|Any CPU
		{AC4FBE09-5866-4B18-9B33-C4DD72581154}.Debug|Any CPU.ActiveCfg = Debug|Any CPU
		{AC4FBE09-5866-4B18-9B33-C4DD72581154}.Debug|Any CPU.Build.0 = Debug|Any CPU
		{AC4FBE09-5866-4B18-9B33-C4DD72581154}.Release|Any CPU.ActiveCfg = Release|Any CPU
		{AC4FBE09-5866-4B18-9B33-C4DD72581154}.Release|Any CPU.Build.0 = Release|Any CPU
	EndGlobalSection
	GlobalSection(SolutionProperties) = preSolution
		HideSolutionNode = FALSE
	EndGlobalSection
	GlobalSection(ExtensibilityGlobals) = postSolution
		SolutionGuid = {C2864093-D48F-482E-A2AF-9F3B4358E993}
	EndGlobalSection
EndGlobal
