
Microsoft Visual Studio Solution File, Format Version 12.00
# Visual Studio Version 16
VisualStudioVersion = 16.0.31729.503
MinimumVisualStudioVersion = 10.0.40219.1
Project("{9A19103F-16F7-4668-BE54-9A1E7A4F7556}") = "01. Count Chars in a String", "01. Count Chars in a String\01. Count Chars in a String.csproj", "{766D4F21-5FAA-4307-9BCE-8575D895AB6D}"
EndProject
Project("{9A19103F-16F7-4668-BE54-9A1E7A4F7556}") = "02. A Miner Task", "02. A Miner Task\02. A Miner Task.csproj", "{BF82A10C-6A8A-4469-B335-F18B0DCB922D}"
EndProject
Project("{9A19103F-16F7-4668-BE54-9A1E7A4F7556}") = "03. Legendary Farming", "03. Legendary Farming\03. Legendary Farming.csproj", "{DA5857E6-773A-4FE1-81FF-A6DBAC71586D}"
EndProject
Project("{9A19103F-16F7-4668-BE54-9A1E7A4F7556}") = "04. Orders", "04. Orders\04. Orders.csproj", "{9979AB6B-381C-40F8-B60B-8351A4534E3F}"
EndProject
Project("{FAE04EC0-301F-11D3-BF4B-00C04F79EFBC}") = "05. SoftUni Parking", "05. SoftUni Parking\05. SoftUni Parking.csproj", "{F6BB453B-A2A6-4318-8E8C-466929A1F377}"
EndProject
Project("{FAE04EC0-301F-11D3-BF4B-00C04F79EFBC}") = "06. Courses", "06. Courses\06. Courses.csproj", "{A99CF720-CF33-4240-BCA7-65C6B8D482C9}"
EndProject
Project("{FAE04EC0-301F-11D3-BF4B-00C04F79EFBC}") = "07. Student Academy", "07. Student Academy\07. Student Academy.csproj", "{0549F42C-289F-4618-8D0B-CC4A93C4FE29}"
EndProject
Project("{FAE04EC0-301F-11D3-BF4B-00C04F79EFBC}") = "08. Company Users", "08. Company Users\08. Company Users.csproj", "{E819920F-B3D4-4EE2-B610-0724BD8DD0AE}"
EndProject
Project("{FAE04EC0-301F-11D3-BF4B-00C04F79EFBC}") = "09. ForceBook", "09. ForceBook\09. ForceBook.csproj", "{23C8693E-859D-401A-B12D-8305D6B4C85D}"
EndProject
Global
	GlobalSection(SolutionConfigurationPlatforms) = preSolution
		Debug|Any CPU = Debug|Any CPU
		Release|Any CPU = Release|Any CPU
	EndGlobalSection
	GlobalSection(ProjectConfigurationPlatforms) = postSolution
		{766D4F21-5FAA-4307-9BCE-8575D895AB6D}.Debug|Any CPU.ActiveCfg = Debug|Any CPU
		{766D4F21-5FAA-4307-9BCE-8575D895AB6D}.Debug|Any CPU.Build.0 = Debug|Any CPU
		{766D4F21-5FAA-4307-9BCE-8575D895AB6D}.Release|Any CPU.ActiveCfg = Release|Any CPU
		{766D4F21-5FAA-4307-9BCE-8575D895AB6D}.Release|Any CPU.Build.0 = Release|Any CPU
		{BF82A10C-6A8A-4469-B335-F18B0DCB922D}.Debug|Any CPU.ActiveCfg = Debug|Any CPU
		{BF82A10C-6A8A-4469-B335-F18B0DCB922D}.Debug|Any CPU.Build.0 = Debug|Any CPU
		{BF82A10C-6A8A-4469-B335-F18B0DCB922D}.Release|Any CPU.ActiveCfg = Release|Any CPU
		{BF82A10C-6A8A-4469-B335-F18B0DCB922D}.Release|Any CPU.Build.0 = Release|Any CPU
		{DA5857E6-773A-4FE1-81FF-A6DBAC71586D}.Debug|Any CPU.ActiveCfg = Debug|Any CPU
		{DA5857E6-773A-4FE1-81FF-A6DBAC71586D}.Debug|Any CPU.Build.0 = Debug|Any CPU
		{DA5857E6-773A-4FE1-81FF-A6DBAC71586D}.Release|Any CPU.ActiveCfg = Release|Any CPU
		{DA5857E6-773A-4FE1-81FF-A6DBAC71586D}.Release|Any CPU.Build.0 = Release|Any CPU
		{9979AB6B-381C-40F8-B60B-8351A4534E3F}.Debug|Any CPU.ActiveCfg = Debug|Any CPU
		{9979AB6B-381C-40F8-B60B-8351A4534E3F}.Debug|Any CPU.Build.0 = Debug|Any CPU
		{9979AB6B-381C-40F8-B60B-8351A4534E3F}.Release|Any CPU.ActiveCfg = Release|Any CPU
		{9979AB6B-381C-40F8-B60B-8351A4534E3F}.Release|Any CPU.Build.0 = Release|Any CPU
		{F6BB453B-A2A6-4318-8E8C-466929A1F377}.Debug|Any CPU.ActiveCfg = Debug|Any CPU
		{F6BB453B-A2A6-4318-8E8C-466929A1F377}.Debug|Any CPU.Build.0 = Debug|Any CPU
		{F6BB453B-A2A6-4318-8E8C-466929A1F377}.Release|Any CPU.ActiveCfg = Release|Any CPU
		{F6BB453B-A2A6-4318-8E8C-466929A1F377}.Release|Any CPU.Build.0 = Release|Any CPU
		{A99CF720-CF33-4240-BCA7-65C6B8D482C9}.Debug|Any CPU.ActiveCfg = Debug|Any CPU
		{A99CF720-CF33-4240-BCA7-65C6B8D482C9}.Debug|Any CPU.Build.0 = Debug|Any CPU
		{A99CF720-CF33-4240-BCA7-65C6B8D482C9}.Release|Any CPU.ActiveCfg = Release|Any CPU
		{A99CF720-CF33-4240-BCA7-65C6B8D482C9}.Release|Any CPU.Build.0 = Release|Any CPU
		{0549F42C-289F-4618-8D0B-CC4A93C4FE29}.Debug|Any CPU.ActiveCfg = Debug|Any CPU
		{0549F42C-289F-4618-8D0B-CC4A93C4FE29}.Debug|Any CPU.Build.0 = Debug|Any CPU
		{0549F42C-289F-4618-8D0B-CC4A93C4FE29}.Release|Any CPU.ActiveCfg = Release|Any CPU
		{0549F42C-289F-4618-8D0B-CC4A93C4FE29}.Release|Any CPU.Build.0 = Release|Any CPU
		{E819920F-B3D4-4EE2-B610-0724BD8DD0AE}.Debug|Any CPU.ActiveCfg = Debug|Any CPU
		{E819920F-B3D4-4EE2-B610-0724BD8DD0AE}.Debug|Any CPU.Build.0 = Debug|Any CPU
		{E819920F-B3D4-4EE2-B610-0724BD8DD0AE}.Release|Any CPU.ActiveCfg = Release|Any CPU
		{E819920F-B3D4-4EE2-B610-0724BD8DD0AE}.Release|Any CPU.Build.0 = Release|Any CPU
		{23C8693E-859D-401A-B12D-8305D6B4C85D}.Debug|Any CPU.ActiveCfg = Debug|Any CPU
		{23C8693E-859D-401A-B12D-8305D6B4C85D}.Debug|Any CPU.Build.0 = Debug|Any CPU
		{23C8693E-859D-401A-B12D-8305D6B4C85D}.Release|Any CPU.ActiveCfg = Release|Any CPU
		{23C8693E-859D-401A-B12D-8305D6B4C85D}.Release|Any CPU.Build.0 = Release|Any CPU
	EndGlobalSection
	GlobalSection(SolutionProperties) = preSolution
		HideSolutionNode = FALSE
	EndGlobalSection
	GlobalSection(ExtensibilityGlobals) = postSolution
		SolutionGuid = {C4118D22-0BCF-4B49-9247-C3DE7D049DF7}
	EndGlobalSection
EndGlobal
