
Microsoft Visual Studio Solution File, Format Version 12.00
# Visual Studio Version 16
VisualStudioVersion = 16.0.31129.286
MinimumVisualStudioVersion = 10.0.40219.1
Project("{FAE04EC0-301F-11D3-BF4B-00C04F79EFBC}") = "01. Convert Meters to Kilometers", "01. Convert Meters to Kilometers\01. Convert Meters to Kilometers.csproj", "{295E42E0-6EF8-4509-B408-1ECE5C754974}"
EndProject
Project("{FAE04EC0-301F-11D3-BF4B-00C04F79EFBC}") = "02. Pounds to Dollars", "02. Pounds to Dollars\02. Pounds to Dollars.csproj", "{D9A7316D-6901-4944-90B8-2C4FE869BC69}"
EndProject
Project("{FAE04EC0-301F-11D3-BF4B-00C04F79EFBC}") = "03. Exact Sum of Real Numbers", "03. Exact Sum of Real Numbers\03. Exact Sum of Real Numbers.csproj", "{6BAC9B34-533A-4E6E-AD0D-EB135605C9D4}"
EndProject
Project("{FAE04EC0-301F-11D3-BF4B-00C04F79EFBC}") = "04. Centuries to Minutes", "04. Centuries to Minutes\04. Centuries to Minutes.csproj", "{55720C27-5498-4A09-BB60-36F6F779CE18}"
EndProject
Project("{FAE04EC0-301F-11D3-BF4B-00C04F79EFBC}") = "05. Special Numbers", "05. Special Numbers\05. Special Numbers.csproj", "{E816CD13-6867-440C-A3F2-061F837438CC}"
EndProject
Project("{FAE04EC0-301F-11D3-BF4B-00C04F79EFBC}") = "06. Reversed Chars", "06. Reversed Chars\06. Reversed Chars.csproj", "{7EB6EEDA-6E47-4D06-A191-E5C1D92EFB79}"
EndProject
Project("{FAE04EC0-301F-11D3-BF4B-00C04F79EFBC}") = "07. Concat Names", "07. Concat Names\07. Concat Names.csproj", "{5E34C55B-F430-4FE1-9A6D-50A3C5144B61}"
EndProject
Project("{FAE04EC0-301F-11D3-BF4B-00C04F79EFBC}") = "09. Chars to String", "09. Chars to String\09. Chars to String.csproj", "{1F585FEF-1DAC-4194-B44D-EBF0F09C82DA}"
EndProject
Project("{FAE04EC0-301F-11D3-BF4B-00C04F79EFBC}") = "10. Lower or Upper", "10. Lower or Upper\10. Lower or Upper.csproj", "{78DEDDBE-B04B-4E74-9E7E-304907A04020}"
EndProject
Project("{FAE04EC0-301F-11D3-BF4B-00C04F79EFBC}") = "11. Refactor Volume of Pyramid", "11. Refactor Volume of Pyramid\11. Refactor Volume of Pyramid.csproj", "{C00358CE-2265-4148-BE53-2E2AB4BE6970}"
EndProject
Global
	GlobalSection(SolutionConfigurationPlatforms) = preSolution
		Debug|Any CPU = Debug|Any CPU
		Release|Any CPU = Release|Any CPU
	EndGlobalSection
	GlobalSection(ProjectConfigurationPlatforms) = postSolution
		{295E42E0-6EF8-4509-B408-1ECE5C754974}.Debug|Any CPU.ActiveCfg = Debug|Any CPU
		{295E42E0-6EF8-4509-B408-1ECE5C754974}.Debug|Any CPU.Build.0 = Debug|Any CPU
		{295E42E0-6EF8-4509-B408-1ECE5C754974}.Release|Any CPU.ActiveCfg = Release|Any CPU
		{295E42E0-6EF8-4509-B408-1ECE5C754974}.Release|Any CPU.Build.0 = Release|Any CPU
		{D9A7316D-6901-4944-90B8-2C4FE869BC69}.Debug|Any CPU.ActiveCfg = Debug|Any CPU
		{D9A7316D-6901-4944-90B8-2C4FE869BC69}.Debug|Any CPU.Build.0 = Debug|Any CPU
		{D9A7316D-6901-4944-90B8-2C4FE869BC69}.Release|Any CPU.ActiveCfg = Release|Any CPU
		{D9A7316D-6901-4944-90B8-2C4FE869BC69}.Release|Any CPU.Build.0 = Release|Any CPU
		{6BAC9B34-533A-4E6E-AD0D-EB135605C9D4}.Debug|Any CPU.ActiveCfg = Debug|Any CPU
		{6BAC9B34-533A-4E6E-AD0D-EB135605C9D4}.Debug|Any CPU.Build.0 = Debug|Any CPU
		{6BAC9B34-533A-4E6E-AD0D-EB135605C9D4}.Release|Any CPU.ActiveCfg = Release|Any CPU
		{6BAC9B34-533A-4E6E-AD0D-EB135605C9D4}.Release|Any CPU.Build.0 = Release|Any CPU
		{55720C27-5498-4A09-BB60-36F6F779CE18}.Debug|Any CPU.ActiveCfg = Debug|Any CPU
		{55720C27-5498-4A09-BB60-36F6F779CE18}.Debug|Any CPU.Build.0 = Debug|Any CPU
		{55720C27-5498-4A09-BB60-36F6F779CE18}.Release|Any CPU.ActiveCfg = Release|Any CPU
		{55720C27-5498-4A09-BB60-36F6F779CE18}.Release|Any CPU.Build.0 = Release|Any CPU
		{E816CD13-6867-440C-A3F2-061F837438CC}.Debug|Any CPU.ActiveCfg = Debug|Any CPU
		{E816CD13-6867-440C-A3F2-061F837438CC}.Debug|Any CPU.Build.0 = Debug|Any CPU
		{E816CD13-6867-440C-A3F2-061F837438CC}.Release|Any CPU.ActiveCfg = Release|Any CPU
		{E816CD13-6867-440C-A3F2-061F837438CC}.Release|Any CPU.Build.0 = Release|Any CPU
		{7EB6EEDA-6E47-4D06-A191-E5C1D92EFB79}.Debug|Any CPU.ActiveCfg = Debug|Any CPU
		{7EB6EEDA-6E47-4D06-A191-E5C1D92EFB79}.Debug|Any CPU.Build.0 = Debug|Any CPU
		{7EB6EEDA-6E47-4D06-A191-E5C1D92EFB79}.Release|Any CPU.ActiveCfg = Release|Any CPU
		{7EB6EEDA-6E47-4D06-A191-E5C1D92EFB79}.Release|Any CPU.Build.0 = Release|Any CPU
		{5E34C55B-F430-4FE1-9A6D-50A3C5144B61}.Debug|Any CPU.ActiveCfg = Debug|Any CPU
		{5E34C55B-F430-4FE1-9A6D-50A3C5144B61}.Debug|Any CPU.Build.0 = Debug|Any CPU
		{5E34C55B-F430-4FE1-9A6D-50A3C5144B61}.Release|Any CPU.ActiveCfg = Release|Any CPU
		{5E34C55B-F430-4FE1-9A6D-50A3C5144B61}.Release|Any CPU.Build.0 = Release|Any CPU
		{1F585FEF-1DAC-4194-B44D-EBF0F09C82DA}.Debug|Any CPU.ActiveCfg = Debug|Any CPU
		{1F585FEF-1DAC-4194-B44D-EBF0F09C82DA}.Debug|Any CPU.Build.0 = Debug|Any CPU
		{1F585FEF-1DAC-4194-B44D-EBF0F09C82DA}.Release|Any CPU.ActiveCfg = Release|Any CPU
		{1F585FEF-1DAC-4194-B44D-EBF0F09C82DA}.Release|Any CPU.Build.0 = Release|Any CPU
		{78DEDDBE-B04B-4E74-9E7E-304907A04020}.Debug|Any CPU.ActiveCfg = Debug|Any CPU
		{78DEDDBE-B04B-4E74-9E7E-304907A04020}.Debug|Any CPU.Build.0 = Debug|Any CPU
		{78DEDDBE-B04B-4E74-9E7E-304907A04020}.Release|Any CPU.ActiveCfg = Release|Any CPU
		{78DEDDBE-B04B-4E74-9E7E-304907A04020}.Release|Any CPU.Build.0 = Release|Any CPU
		{C00358CE-2265-4148-BE53-2E2AB4BE6970}.Debug|Any CPU.ActiveCfg = Debug|Any CPU
		{C00358CE-2265-4148-BE53-2E2AB4BE6970}.Debug|Any CPU.Build.0 = Debug|Any CPU
		{C00358CE-2265-4148-BE53-2E2AB4BE6970}.Release|Any CPU.ActiveCfg = Release|Any CPU
		{C00358CE-2265-4148-BE53-2E2AB4BE6970}.Release|Any CPU.Build.0 = Release|Any CPU
	EndGlobalSection
	GlobalSection(SolutionProperties) = preSolution
		HideSolutionNode = FALSE
	EndGlobalSection
	GlobalSection(ExtensibilityGlobals) = postSolution
		SolutionGuid = {BD9B459C-4436-4876-86E8-7030A678F751}
	EndGlobalSection
EndGlobal
